
Microsoft Visual Studio Solution File, Format Version 12.00
# Visual Studio 15
VisualStudioVersion = 15.0.28307.1300
MinimumVisualStudioVersion = 10.0.40219.1
Project("{FAE04EC0-301F-11D3-BF4B-00C04F79EFBC}") = "MVC5Demo", "MVC5Demo\MVC5Demo.csproj", "{9689121D-C41C-464E-8B54-FB2F4E8E934B}"
EndProject
Global
	GlobalSection(SolutionConfigurationPlatforms) = preSolution
		Debug|Any CPU = Debug|Any CPU
		Release|Any CPU = Release|Any CPU
	EndGlobalSection
	GlobalSection(ProjectConfigurationPlatforms) = postSolution
		{9689121D-C41C-464E-8B54-FB2F4E8E934B}.Debug|Any CPU.ActiveCfg = Debug|Any CPU
		{9689121D-C41C-464E-8B54-FB2F4E8E934B}.Debug|Any CPU.Build.0 = Debug|Any CPU
		{9689121D-C41C-464E-8B54-FB2F4E8E934B}.Release|Any CPU.ActiveCfg = Release|Any CPU
		{9689121D-C41C-464E-8B54-FB2F4E8E934B}.Release|Any CPU.Build.0 = Release|Any CPU
	EndGlobalSection
	GlobalSection(SolutionProperties) = preSolution
		HideSolutionNode = FALSE
	EndGlobalSection
	GlobalSection(ExtensibilityGlobals) = postSolution
		SolutionGuid = {111C4A0A-E951-46D3-8755-886AD4C37E78}
	EndGlobalSection
EndGlobal
